# This file is autogenerated, do not edit; changes may be undone by the next 'dep ensure'.


[[projects]]
  digest = "1:dfbaef49cec8445748822346a7cf949c06339eb6effad4eb71cbfcb2d8fc9086"
  name = "github.com/aws/aws-sdk-go"
  packages = [
    "aws",
    "aws/awserr",
    "aws/awsutil",
    "aws/client",
    "aws/client/metadata",
    "aws/corehandlers",
    "aws/credentials",
    "aws/credentials/ec2rolecreds",
    "aws/credentials/endpointcreds",
    "aws/credentials/processcreds",
    "aws/credentials/stscreds",
    "aws/csm",
    "aws/defaults",
    "aws/ec2metadata",
    "aws/endpoints",
    "aws/request",
    "aws/session",
    "aws/signer/v4",
    "internal/ini",
    "internal/sdkio",
    "internal/sdkrand",
    "internal/sdkuri",
    "internal/shareddefaults",
    "private/protocol",
    "private/protocol/query",
    "private/protocol/query/queryutil",
    "private/protocol/rest",
    "private/protocol/xml/xmlutil",
    "service/ses",
    "service/sts",
  ]
  pruneopts = "UT"
  revision = "97ab38e1626747eaa660ff7e5e7d3f1a37172b36"
  version = "v1.19.9"

[[projects]]
  digest = "1:ca59b1175189b3f0e9f1793d2c350114be36eaabbe5b9f554b35edee1de50aea"
  name = "github.com/gorilla/mux"
  packages = ["."]
  pruneopts = "UT"
  revision = "a7962380ca08b5a188038c69871b8d3fbdf31e89"
  version = "v1.7.0"

[[projects]]
  digest = "1:bb81097a5b62634f3e9fec1014657855610c82d19b9a40c17612e32651e35dca"
  name = "github.com/jmespath/go-jmespath"
  packages = ["."]
  pruneopts = "UT"
  revision = "c2b33e84"

[[projects]]
  branch = "master"
  digest = "1:8d2948d501e8fdc1eac0c4d2c1aeed8a7a8d5f3de5a35c7bb410d74923bece77"
  name = "github.com/tidepool-org/go-common"
  packages = [
    ".",
    "clients",
    "clients/disc",
    "clients/hakken",
    "clients/highwater",
    "clients/mongo",
    "clients/shoreline",
    "clients/status",
    "errors",
    "jepson",
  ]
  pruneopts = "UT"
  revision = "917f1c799174c7d00c672467c2e0de79378f9bf4"

[[projects]]
  branch = "(default)"
  digest = "1:d5534b5d370b8f83a981a454c3e21e2d0be531e9927fcc65e3ef979c75a55e06"
  name = "labix.org/v2/mgo"
  packages = [
    ".",
    "bson",
    "sasl",
  ]
  pruneopts = "UT"
  revision = "gustavo@niemeyer.net-20140701140051-90be2tvk93pcczzi"

[solve-meta]
  analyzer-name = "dep"
  analyzer-version = 1
  input-imports = [
    "github.com/aws/aws-sdk-go/aws",
    "github.com/aws/aws-sdk-go/aws/awserr",
    "github.com/aws/aws-sdk-go/aws/session",
    "github.com/aws/aws-sdk-go/service/ses",
    "github.com/gorilla/mux",
    "github.com/tidepool-org/go-common",
    "github.com/tidepool-org/go-common/clients",
    "github.com/tidepool-org/go-common/clients/disc",
    "github.com/tidepool-org/go-common/clients/hakken",
    "github.com/tidepool-org/go-common/clients/highwater",
    "github.com/tidepool-org/go-common/clients/mongo",
    "github.com/tidepool-org/go-common/clients/shoreline",
    "github.com/tidepool-org/go-common/clients/status",
    "labix.org/v2/mgo",
    "labix.org/v2/mgo/bson",
  ]
  solver-name = "gps-cdcl"
  solver-version = 1
