# This file is autogenerated, do not edit; changes may be undone by the next 'dep ensure'.


[[projects]]
  digest = "1:38ca2881c875ea098dac4f78fdbb6e9c266af1c424b323a459c6e4f11cf7a537"
  name = "github.com/aws/aws-sdk-go"
  packages = [
    "aws",
    "aws/awserr",
    "aws/awsutil",
    "aws/client",
    "aws/client/metadata",
    "aws/corehandlers",
    "aws/credentials",
    "aws/credentials/ec2rolecreds",
    "aws/credentials/endpointcreds",
    "aws/credentials/processcreds",
    "aws/credentials/stscreds",
    "aws/csm",
    "aws/defaults",
    "aws/ec2metadata",
    "aws/endpoints",
    "aws/request",
    "aws/session",
    "aws/signer/v4",
    "internal/ini",
    "internal/sdkio",
    "internal/sdkrand",
    "internal/sdkuri",
    "internal/shareddefaults",
    "private/protocol",
    "private/protocol/json/jsonutil",
    "private/protocol/query",
    "private/protocol/query/queryutil",
    "private/protocol/rest",
    "private/protocol/xml/xmlutil",
    "service/ses",
    "service/sts",
  ]
  pruneopts = "UT"
  revision = "d6c5ccab427af7408a67e0f45c6e6a3d515fdaee"
  version = "v1.19.39"

[[projects]]
  branch = "master"
  digest = "1:78102ee4d536347316bc42e818340cc50902e45dbd7fdd524c5a1fc0cb07b588"
  name = "github.com/globalsign/mgo"
  packages = [
    ".",
    "bson",
    "internal/json",
    "internal/sasl",
    "internal/scram",
  ]
  pruneopts = "UT"
  revision = "eeefdecb41b842af6dc652aaea4026e8403e62df"

[[projects]]
  digest = "1:3af6be4fee7c08f81f13d36f04ffb63ad4b6b5aaba12cce96095c7c2863d4912"
  name = "github.com/gorilla/mux"
  packages = ["."]
  pruneopts = "UT"
  revision = "ed099d42384823742bba0bf9a72b53b55c9e2e38"
  version = "v1.7.2"

[[projects]]
  digest = "1:bb81097a5b62634f3e9fec1014657855610c82d19b9a40c17612e32651e35dca"
  name = "github.com/jmespath/go-jmespath"
  packages = ["."]
  pruneopts = "UT"
  revision = "c2b33e84"

[[projects]]
  digest = "1:c0feb3014ad00e3c2fc6a59fa6448f2a59f6a6bc2a0c7f026939a7a8a50792cb"
  name = "github.com/nicksnyder/go-i18n"
  packages = [
    "v2/i18n",
    "v2/internal",
    "v2/internal/plural",
  ]
  pruneopts = "UT"
  revision = "9c0db6e2b3a591b2dfabb8ef487e53cd080c57bf"
  version = "v2.0.0-beta.6"

[[projects]]
  branch = "merge/tidepool"
  digest = "1:a72c9d98cb9ac6ce839cac5f40fa39b2ac096d7c3bcd201ed63f21ff5b4d776f"
  name = "github.com/tidepool-org/go-common"
  packages = [
    ".",
    "clients",
    "clients/disc",
    "clients/hakken",
    "clients/highwater",
    "clients/mongo",
    "clients/shoreline",
    "clients/status",
    "errors",
    "jepson",
  ]
  pruneopts = "UT"
  revision = "5195218bce7076dd18e13fc4f5e83a2dc994d163"
  source = "github.com/mdblp/go-common"

[[projects]]
  digest = "1:d55e0738476edb61bb4f763f407b80df7243480b84ba46ddeda64e43c26a7136"
  name = "golang.org/x/text"
  packages = [
    "internal/gen",
    "internal/language",
    "internal/language/compact",
    "internal/tag",
    "language",
    "unicode/cldr",
  ]
  pruneopts = "UT"
  revision = "342b2e1fbaa52c93f31447ad2c6abc048c63e475"
  version = "v0.3.2"

[[projects]]
  digest = "1:4d2e5a73dc1500038e504a8d78b986630e3626dc027bc030ba5c75da257cdb96"
  name = "gopkg.in/yaml.v2"
  packages = ["."]
  pruneopts = "UT"
  revision = "51d6538a90f86fe93ac480b35f37b2be17fef232"
  version = "v2.2.2"

[solve-meta]
  analyzer-name = "dep"
  analyzer-version = 1
  input-imports = [
    "github.com/aws/aws-sdk-go/aws",
    "github.com/aws/aws-sdk-go/aws/awserr",
    "github.com/aws/aws-sdk-go/aws/session",
    "github.com/aws/aws-sdk-go/service/ses",
    "github.com/globalsign/mgo",
    "github.com/globalsign/mgo/bson",
    "github.com/gorilla/mux",
    "github.com/nicksnyder/go-i18n/v2/i18n",
    "github.com/tidepool-org/go-common",
    "github.com/tidepool-org/go-common/clients",
    "github.com/tidepool-org/go-common/clients/disc",
    "github.com/tidepool-org/go-common/clients/hakken",
    "github.com/tidepool-org/go-common/clients/highwater",
    "github.com/tidepool-org/go-common/clients/mongo",
    "github.com/tidepool-org/go-common/clients/shoreline",
    "github.com/tidepool-org/go-common/clients/status",
    "golang.org/x/text/language",
    "gopkg.in/yaml.v2",
  ]
  solver-name = "gps-cdcl"
  solver-version = 1
